
Microsoft Visual Studio Solution File, Format Version 12.00
# Visual Studio Version 17
VisualStudioVersion = 17.7.34031.279
MinimumVisualStudioVersion = 10.0.40219.1
Project("{8BC9CEB8-8B4A-11D0-8D11-00A0C91BC942}") = "lab2t1", "lab2\lab2.vcxproj", "{CAA32692-3C87-408B-9C54-4DBC1E533D4D}"
EndProject
Project("{8BC9CEB8-8B4A-11D0-8D11-00A0C91BC942}") = "lab2t2", "lab2t2\lab2t2.vcxproj", "{0C9D9C64-3E59-43C5-986E-F2E38FC134B9}"
EndProject
Project("{8BC9CEB8-8B4A-11D0-8D11-00A0C91BC942}") = "lab2t3", "lab2t3\lab2t3.vcxproj", "{262480BA-959B-4AA6-BA54-EDF803045147}"
EndProject
Project("{8BC9CEB8-8B4A-11D0-8D11-00A0C91BC942}") = "lab0hw1", "lab0hw1\lab0hw1.vcxproj", "{BB9BA669-57C6-4847-8751-A4DAB7EAC9F7}"
EndProject
Project("{8BC9CEB8-8B4A-11D0-8D11-00A0C91BC942}") = "lab2t3v2", "lab2t3v2\lab2t3v2.vcxproj", "{F87104E6-16D0-4631-ACCA-4D10FC5CFE6A}"
EndProject
Global
	GlobalSection(SolutionConfigurationPlatforms) = preSolution
		Debug|x64 = Debug|x64
		Debug|x86 = Debug|x86
		Release|x64 = Release|x64
		Release|x86 = Release|x86
	EndGlobalSection
	GlobalSection(ProjectConfigurationPlatforms) = postSolution
		{CAA32692-3C87-408B-9C54-4DBC1E533D4D}.Debug|x64.ActiveCfg = Debug|x64
		{CAA32692-3C87-408B-9C54-4DBC1E533D4D}.Debug|x64.Build.0 = Debug|x64
		{CAA32692-3C87-408B-9C54-4DBC1E533D4D}.Debug|x86.ActiveCfg = Debug|Win32
		{CAA32692-3C87-408B-9C54-4DBC1E533D4D}.Debug|x86.Build.0 = Debug|Win32
		{CAA32692-3C87-408B-9C54-4DBC1E533D4D}.Release|x64.ActiveCfg = Release|x64
		{CAA32692-3C87-408B-9C54-4DBC1E533D4D}.Release|x64.Build.0 = Release|x64
		{CAA32692-3C87-408B-9C54-4DBC1E533D4D}.Release|x86.ActiveCfg = Release|Win32
		{CAA32692-3C87-408B-9C54-4DBC1E533D4D}.Release|x86.Build.0 = Release|Win32
		{0C9D9C64-3E59-43C5-986E-F2E38FC134B9}.Debug|x64.ActiveCfg = Debug|x64
		{0C9D9C64-3E59-43C5-986E-F2E38FC134B9}.Debug|x64.Build.0 = Debug|x64
		{0C9D9C64-3E59-43C5-986E-F2E38FC134B9}.Debug|x86.ActiveCfg = Debug|Win32
		{0C9D9C64-3E59-43C5-986E-F2E38FC134B9}.Debug|x86.Build.0 = Debug|Win32
		{0C9D9C64-3E59-43C5-986E-F2E38FC134B9}.Release|x64.ActiveCfg = Release|x64
		{0C9D9C64-3E59-43C5-986E-F2E38FC134B9}.Release|x64.Build.0 = Release|x64
		{0C9D9C64-3E59-43C5-986E-F2E38FC134B9}.Release|x86.ActiveCfg = Release|Win32
		{0C9D9C64-3E59-43C5-986E-F2E38FC134B9}.Release|x86.Build.0 = Release|Win32
		{262480BA-959B-4AA6-BA54-EDF803045147}.Debug|x64.ActiveCfg = Debug|x64
		{262480BA-959B-4AA6-BA54-EDF803045147}.Debug|x64.Build.0 = Debug|x64
		{262480BA-959B-4AA6-BA54-EDF803045147}.Debug|x86.ActiveCfg = Debug|Win32
		{262480BA-959B-4AA6-BA54-EDF803045147}.Debug|x86.Build.0 = Debug|Win32
		{262480BA-959B-4AA6-BA54-EDF803045147}.Release|x64.ActiveCfg = Release|x64
		{262480BA-959B-4AA6-BA54-EDF803045147}.Release|x64.Build.0 = Release|x64
		{262480BA-959B-4AA6-BA54-EDF803045147}.Release|x86.ActiveCfg = Release|Win32
		{262480BA-959B-4AA6-BA54-EDF803045147}.Release|x86.Build.0 = Release|Win32
		{BB9BA669-57C6-4847-8751-A4DAB7EAC9F7}.Debug|x64.ActiveCfg = Debug|x64
		{BB9BA669-57C6-4847-8751-A4DAB7EAC9F7}.Debug|x64.Build.0 = Debug|x64
		{BB9BA669-57C6-4847-8751-A4DAB7EAC9F7}.Debug|x86.ActiveCfg = Debug|Win32
		{BB9BA669-57C6-4847-8751-A4DAB7EAC9F7}.Debug|x86.Build.0 = Debug|Win32
		{BB9BA669-57C6-4847-8751-A4DAB7EAC9F7}.Release|x64.ActiveCfg = Release|x64
		{BB9BA669-57C6-4847-8751-A4DAB7EAC9F7}.Release|x64.Build.0 = Release|x64
		{BB9BA669-57C6-4847-8751-A4DAB7EAC9F7}.Release|x86.ActiveCfg = Release|Win32
		{BB9BA669-57C6-4847-8751-A4DAB7EAC9F7}.Release|x86.Build.0 = Release|Win32
		{F87104E6-16D0-4631-ACCA-4D10FC5CFE6A}.Debug|x64.ActiveCfg = Debug|x64
		{F87104E6-16D0-4631-ACCA-4D10FC5CFE6A}.Debug|x64.Build.0 = Debug|x64
		{F87104E6-16D0-4631-ACCA-4D10FC5CFE6A}.Debug|x86.ActiveCfg = Debug|Win32
		{F87104E6-16D0-4631-ACCA-4D10FC5CFE6A}.Debug|x86.Build.0 = Debug|Win32
		{F87104E6-16D0-4631-ACCA-4D10FC5CFE6A}.Release|x64.ActiveCfg = Release|x64
		{F87104E6-16D0-4631-ACCA-4D10FC5CFE6A}.Release|x64.Build.0 = Release|x64
		{F87104E6-16D0-4631-ACCA-4D10FC5CFE6A}.Release|x86.ActiveCfg = Release|Win32
		{F87104E6-16D0-4631-ACCA-4D10FC5CFE6A}.Release|x86.Build.0 = Release|Win32
	EndGlobalSection
	GlobalSection(SolutionProperties) = preSolution
		HideSolutionNode = FALSE
	EndGlobalSection
	GlobalSection(ExtensibilityGlobals) = postSolution
		SolutionGuid = {62576A34-09FD-4383-8DBC-9BA2D87618B2}
	EndGlobalSection
EndGlobal
